
Microsoft Visual Studio Solution File, Format Version 12.00
# Visual Studio Version 16
VisualStudioVersion = 16.0.30621.155
MinimumVisualStudioVersion = 10.0.40219.1
Project("{FAE04EC0-301F-11D3-BF4B-00C04F79EFBC}") = "apbd_int_cw5", "apbd_int_cw5.csproj", "{9FC55AD4-AD5A-44D1-AB08-4B0D060D8ADF}"
EndProject
Global
	GlobalSection(SolutionConfigurationPlatforms) = preSolution
		Debug|Any CPU = Debug|Any CPU
		Release|Any CPU = Release|Any CPU
	EndGlobalSection
	GlobalSection(ProjectConfigurationPlatforms) = postSolution
		{9FC55AD4-AD5A-44D1-AB08-4B0D060D8ADF}.Debug|Any CPU.ActiveCfg = Debug|Any CPU
		{9FC55AD4-AD5A-44D1-AB08-4B0D060D8ADF}.Debug|Any CPU.Build.0 = Debug|Any CPU
		{9FC55AD4-AD5A-44D1-AB08-4B0D060D8ADF}.Release|Any CPU.ActiveCfg = Release|Any CPU
		{9FC55AD4-AD5A-44D1-AB08-4B0D060D8ADF}.Release|Any CPU.Build.0 = Release|Any CPU
	EndGlobalSection
	GlobalSection(SolutionProperties) = preSolution
		HideSolutionNode = FALSE
	EndGlobalSection
	GlobalSection(ExtensibilityGlobals) = postSolution
		SolutionGuid = {3E776A34-5BBD-44D7-8AC9-E4304DE20A13}
	EndGlobalSection
EndGlobal
